
Microsoft Visual Studio Solution File, Format Version 12.00
# Visual Studio 2013
VisualStudioVersion = 12.0.40629.0
MinimumVisualStudioVersion = 10.0.40219.1
Project("{FAE04EC0-301F-11D3-BF4B-00C04F79EFBC}") = "MyHome", "src\MyHome\MyHome.csproj", "{FC587035-A3BE-43F9-993A-B9E56EAB3258}"
EndProject
Project("{FAE04EC0-301F-11D3-BF4B-00C04F79EFBC}") = "Gadgeteer.WebServer", "src\Gadgeteer.WebServer\Gadgeteer.WebServer.csproj", "{FBCCBCF6-D89B-441A-AA9B-BF557714025D}"
EndProject
Project("{2150E333-8FDC-42A3-9474-1A3956D46DE8}") = "MicroSdCard", "MicroSdCard", "{9783C165-F81D-4716-BA0C-EC8B219F6D48}"
EndProject
Project("{2150E333-8FDC-42A3-9474-1A3956D46DE8}") = "config", "config", "{B16EB0EB-D9CD-44C0-9A25-027B5B347650}"
	ProjectSection(SolutionItems) = preProject
		src\MicroSDCard\config\ImageNotAvailable.bmp = src\MicroSDCard\config\ImageNotAvailable.bmp
	EndProjectSection
EndProject
Project("{2150E333-8FDC-42A3-9474-1A3956D46DE8}") = "wwwroot", "wwwroot", "{B8B644B5-D403-467C-8F24-5C0D7B3D85AE}"
	ProjectSection(SolutionItems) = preProject
		src\MicroSDCard\wwwroot\favicon.ico = src\MicroSDCard\wwwroot\favicon.ico
		src\MicroSDCard\wwwroot\index.html = src\MicroSDCard\wwwroot\index.html
		src\MicroSDCard\wwwroot\live-feed.html = src\MicroSDCard\wwwroot\live-feed.html
	EndProjectSection
EndProject
Project("{2150E333-8FDC-42A3-9474-1A3956D46DE8}") = "img", "img", "{14BDCA9F-CB0B-430A-A5BC-7E408EA26C5D}"
	ProjectSection(SolutionItems) = preProject
		src\MicroSDCard\wwwroot\img\logo.png = src\MicroSDCard\wwwroot\img\logo.png
	EndProjectSection
EndProject
Global
	GlobalSection(SolutionConfigurationPlatforms) = preSolution
		Debug|Any CPU = Debug|Any CPU
		Release|Any CPU = Release|Any CPU
	EndGlobalSection
	GlobalSection(ProjectConfigurationPlatforms) = postSolution
		{FC587035-A3BE-43F9-993A-B9E56EAB3258}.Debug|Any CPU.ActiveCfg = Debug|Any CPU
		{FC587035-A3BE-43F9-993A-B9E56EAB3258}.Debug|Any CPU.Build.0 = Debug|Any CPU
		{FC587035-A3BE-43F9-993A-B9E56EAB3258}.Debug|Any CPU.Deploy.0 = Debug|Any CPU
		{FC587035-A3BE-43F9-993A-B9E56EAB3258}.Release|Any CPU.ActiveCfg = Release|Any CPU
		{FC587035-A3BE-43F9-993A-B9E56EAB3258}.Release|Any CPU.Build.0 = Release|Any CPU
		{FC587035-A3BE-43F9-993A-B9E56EAB3258}.Release|Any CPU.Deploy.0 = Release|Any CPU
		{FBCCBCF6-D89B-441A-AA9B-BF557714025D}.Debug|Any CPU.ActiveCfg = Debug|Any CPU
		{FBCCBCF6-D89B-441A-AA9B-BF557714025D}.Debug|Any CPU.Build.0 = Debug|Any CPU
		{FBCCBCF6-D89B-441A-AA9B-BF557714025D}.Release|Any CPU.ActiveCfg = Release|Any CPU
		{FBCCBCF6-D89B-441A-AA9B-BF557714025D}.Release|Any CPU.Build.0 = Release|Any CPU
	EndGlobalSection
	GlobalSection(SolutionProperties) = preSolution
		HideSolutionNode = FALSE
	EndGlobalSection
	GlobalSection(NestedProjects) = preSolution
		{B16EB0EB-D9CD-44C0-9A25-027B5B347650} = {9783C165-F81D-4716-BA0C-EC8B219F6D48}
		{B8B644B5-D403-467C-8F24-5C0D7B3D85AE} = {9783C165-F81D-4716-BA0C-EC8B219F6D48}
		{14BDCA9F-CB0B-430A-A5BC-7E408EA26C5D} = {B8B644B5-D403-467C-8F24-5C0D7B3D85AE}
	EndGlobalSection
	GlobalSection(ExtensibilityGlobals) = postSolution
		SolutionGuid = {629ED608-A33E-4910-9FFE-7648A45B3A2F}
	EndGlobalSection
EndGlobal
